schema: '2.0'
stages:
  feast_source:
    cmd: python scripts/prepare_feast_source.py
    deps:
    - path: milestone-2/infosys/cleaned data/hourly/all_crypto_inr_hourly_merged.csv
      hash: md5
      md5: 06486f6a38784d40b9791b9d50a73e34
      size: 128072421
    - path: scripts/prepare_feast_source.py
      hash: md5
      md5: 05949ffe3ec91488a839dc4d960c28bf
      size: 1673
    outs:
    - path: reports/feast/crypto_hourly_features.parquet
      hash: md5
      md5: cb87ef0b572ca42a29194d4c8cf6019b
      size: 203821
  feast_apply:
    cmd: feast -c feature_repo apply
    deps:
    - path: feature_repo/feature_store.yaml
      hash: md5
      md5: 2b49a6914814acc3adca522c5b492b31
      size: 187
    - path: feature_repo/feature_store_def.py
      hash: md5
      md5: ec68db8c4b7a7c2c900450897ea89231
      size: 1125
    - path: reports/feast/crypto_hourly_features.parquet
      hash: md5
      md5: cb87ef0b572ca42a29194d4c8cf6019b
      size: 203821
    outs:
    - path: reports/feast/registry.db
      hash: md5
      md5: 457275e1bfd6dae2a7106b11dc22daa8
      size: 1640
  feast_materialize:
    cmd: python scripts/materialize_features.py
    deps:
    - path: feature_repo/feature_store.yaml
      hash: md5
      md5: 2b49a6914814acc3adca522c5b492b31
      size: 187
    - path: feature_repo/feature_store_def.py
      hash: md5
      md5: ec68db8c4b7a7c2c900450897ea89231
      size: 1125
    - path: reports/feast/crypto_hourly_features.parquet
      hash: md5
      md5: cb87ef0b572ca42a29194d4c8cf6019b
      size: 203821
    - path: scripts/materialize_features.py
      hash: md5
      md5: 1f09130acca25235d8ec57f701dc1b74
      size: 1189
    outs:
    - path: reports/feast/online_store.db
      hash: md5
      md5: b9a656b3a313ecb229fd91a569b48bc3
      size: 16384
    - path: reports/feast/registry.db
      hash: md5
      md5: 379d2594f1703bdc64aaa9b9a52de7bc
      size: 1572
